
Microsoft Visual Studio Solution File, Format Version 12.00
# Visual Studio Version 17
VisualStudioVersion = 17.6.33829.357
MinimumVisualStudioVersion = 10.0.40219.1
Project("{FAE04EC0-301F-11D3-BF4B-00C04F79EFBC}") = "MathOperationsLibrary1", "MathOperationsLibrary1.csproj", "{F776ABE1-042A-471A-BAAC-AAB04E7A8585}"
EndProject
Global
	GlobalSection(SolutionConfigurationPlatforms) = preSolution
		Debug|Any CPU = Debug|Any CPU
		Release|Any CPU = Release|Any CPU
	EndGlobalSection
	GlobalSection(ProjectConfigurationPlatforms) = postSolution
		{F776ABE1-042A-471A-BAAC-AAB04E7A8585}.Debug|Any CPU.ActiveCfg = Debug|Any CPU
		{F776ABE1-042A-471A-BAAC-AAB04E7A8585}.Debug|Any CPU.Build.0 = Debug|Any CPU
		{F776ABE1-042A-471A-BAAC-AAB04E7A8585}.Release|Any CPU.ActiveCfg = Release|Any CPU
		{F776ABE1-042A-471A-BAAC-AAB04E7A8585}.Release|Any CPU.Build.0 = Release|Any CPU
	EndGlobalSection
	GlobalSection(SolutionProperties) = preSolution
		HideSolutionNode = FALSE
	EndGlobalSection
	GlobalSection(ExtensibilityGlobals) = postSolution
		SolutionGuid = {875F6738-39B0-4D8F-81A5-0C0204043505}
	EndGlobalSection
EndGlobal
